
Microsoft Visual Studio Solution File, Format Version 12.00
# Visual Studio 15
VisualStudioVersion = 15.0.28307.168
MinimumVisualStudioVersion = 10.0.40219.1
Project("{FAE04EC0-301F-11D3-BF4B-00C04F79EFBC}") = "gagan3", "gagan3\gagan3.csproj", "{456269A6-9F95-4910-A40B-84771622DA1C}"
EndProject
Global
	GlobalSection(SolutionConfigurationPlatforms) = preSolution
		Debug|Any CPU = Debug|Any CPU
		Release|Any CPU = Release|Any CPU
	EndGlobalSection
	GlobalSection(ProjectConfigurationPlatforms) = postSolution
		{456269A6-9F95-4910-A40B-84771622DA1C}.Debug|Any CPU.ActiveCfg = Debug|Any CPU
		{456269A6-9F95-4910-A40B-84771622DA1C}.Debug|Any CPU.Build.0 = Debug|Any CPU
		{456269A6-9F95-4910-A40B-84771622DA1C}.Release|Any CPU.ActiveCfg = Release|Any CPU
		{456269A6-9F95-4910-A40B-84771622DA1C}.Release|Any CPU.Build.0 = Release|Any CPU
	EndGlobalSection
	GlobalSection(SolutionProperties) = preSolution
		HideSolutionNode = FALSE
	EndGlobalSection
	GlobalSection(ExtensibilityGlobals) = postSolution
		SolutionGuid = {FAE92746-18C7-42B4-B0D2-73F38399EF03}
	EndGlobalSection
EndGlobal
